
Microsoft Visual Studio Solution File, Format Version 12.00
# Visual Studio 14
VisualStudioVersion = 14.0.25420.1
MinimumVisualStudioVersion = 10.0.40219.1
Project("{FAE04EC0-301F-11D3-BF4B-00C04F79EFBC}") = "DWG2JSON", "DWG2JSON\DWG2JSON.csproj", "{9C448BD8-8C4D-4484-A80E-9231AB11E216}"
EndProject
Project("{FAE04EC0-301F-11D3-BF4B-00C04F79EFBC}") = "JSON2RVT", "JSON2RVT\JSON2RVT.csproj", "{213479A6-F871-4140-8A53-B674E0EA3A38}"
EndProject
Global
	GlobalSection(SolutionConfigurationPlatforms) = preSolution
		Debug|Any CPU = Debug|Any CPU
		Release|Any CPU = Release|Any CPU
	EndGlobalSection
	GlobalSection(ProjectConfigurationPlatforms) = postSolution
		{9C448BD8-8C4D-4484-A80E-9231AB11E216}.Debug|Any CPU.ActiveCfg = Debug|Any CPU
		{9C448BD8-8C4D-4484-A80E-9231AB11E216}.Debug|Any CPU.Build.0 = Debug|Any CPU
		{9C448BD8-8C4D-4484-A80E-9231AB11E216}.Release|Any CPU.ActiveCfg = Release|Any CPU
		{9C448BD8-8C4D-4484-A80E-9231AB11E216}.Release|Any CPU.Build.0 = Release|Any CPU
		{213479A6-F871-4140-8A53-B674E0EA3A38}.Debug|Any CPU.ActiveCfg = Debug|Any CPU
		{213479A6-F871-4140-8A53-B674E0EA3A38}.Debug|Any CPU.Build.0 = Debug|Any CPU
		{213479A6-F871-4140-8A53-B674E0EA3A38}.Release|Any CPU.ActiveCfg = Release|Any CPU
		{213479A6-F871-4140-8A53-B674E0EA3A38}.Release|Any CPU.Build.0 = Release|Any CPU
	EndGlobalSection
	GlobalSection(SolutionProperties) = preSolution
		HideSolutionNode = FALSE
	EndGlobalSection
EndGlobal
